
Microsoft Visual Studio Solution File, Format Version 12.00
# Visual Studio Version 16
VisualStudioVersion = 16.0.30330.147
MinimumVisualStudioVersion = 10.0.40219.1
Project("{9A19103F-16F7-4668-BE54-9A1E7A4F7556}") = "designPatTest", "designPatTest\designPatTest.csproj", "{6567DF90-8FA8-4BF0-B747-27C7D6A9605E}"
EndProject
Project("{9A19103F-16F7-4668-BE54-9A1E7A4F7556}") = "Iterator", "Iterator\Iterator.csproj", "{F93DF4B0-9CE6-4A20-9CB2-1C3A8EFEEBB4}"
EndProject
Project("{9A19103F-16F7-4668-BE54-9A1E7A4F7556}") = "Adapter", "Adapter1\Adapter.csproj", "{E0D860B1-EDCF-4BC3-896C-B5FF45112715}"
EndProject
Project("{9A19103F-16F7-4668-BE54-9A1E7A4F7556}") = "TemplateMethod", "TemplateMethod\TemplateMethod.csproj", "{023FEE4F-8417-4998-93C3-11AE5C215360}"
EndProject
Project("{9A19103F-16F7-4668-BE54-9A1E7A4F7556}") = "FactoryMethod", "FactoryMethod\FactoryMethod.csproj", "{D11F60E1-AF1D-4867-93D3-BE1AF7A8C883}"
EndProject
Project("{9A19103F-16F7-4668-BE54-9A1E7A4F7556}") = "Singleton", "Singleton\Singleton.csproj", "{6FBB0437-6F0A-4EFA-B598-A2EA68F0AE1D}"
EndProject
Project("{9A19103F-16F7-4668-BE54-9A1E7A4F7556}") = "Prototype", "Prototype\Prototype.csproj", "{68FF1886-2CA9-4FB0-943A-5600F86A394E}"
EndProject
Project("{9A19103F-16F7-4668-BE54-9A1E7A4F7556}") = "Builder", "Builder\Builder.csproj", "{C1F845E7-91D5-4D6A-B55D-C9C697E2CF62}"
EndProject
Project("{9A19103F-16F7-4668-BE54-9A1E7A4F7556}") = "AbstructFactory", "AbstructFactory\AbstructFactory.csproj", "{0C6C4857-9B99-4C76-9118-B4B82FD057BC}"
EndProject
Project("{9A19103F-16F7-4668-BE54-9A1E7A4F7556}") = "Bridge", "Bridge\Bridge.csproj", "{1AC4BDD5-8A2F-4218-A484-08889EACDB9A}"
EndProject
Project("{9A19103F-16F7-4668-BE54-9A1E7A4F7556}") = "Strategy", "Strategy\Strategy.csproj", "{2367607F-2D4E-47EB-8C86-B715B482ED95}"
EndProject
Project("{9A19103F-16F7-4668-BE54-9A1E7A4F7556}") = "Composite", "Composite\Composite.csproj", "{1BF37E5F-4930-40BA-9881-0E0373442317}"
EndProject
Project("{9A19103F-16F7-4668-BE54-9A1E7A4F7556}") = "Decorator", "Decorator\Decorator.csproj", "{5D36DF58-D8E0-4B5F-BF32-100BFEC7A683}"
EndProject
Project("{9A19103F-16F7-4668-BE54-9A1E7A4F7556}") = "Visitor", "Visitor\Visitor.csproj", "{EA546F1B-31CE-439A-BA81-2A36E8F902BB}"
EndProject
Project("{9A19103F-16F7-4668-BE54-9A1E7A4F7556}") = "ChainOfResponsibility", "ChainOfResponsibility\ChainOfResponsibility.csproj", "{2C9C9346-ECDC-48B1-BD05-CE9C21AA6C12}"
EndProject
Project("{9A19103F-16F7-4668-BE54-9A1E7A4F7556}") = "Facade", "Facade\Facade.csproj", "{73911FBA-BAE4-418E-9218-C94FDC2E061E}"
EndProject
Project("{9A19103F-16F7-4668-BE54-9A1E7A4F7556}") = "Memento", "Memento\Memento.csproj", "{5FE7E1B8-330B-4230-AB45-3B98A0E84032}"
EndProject
Project("{9A19103F-16F7-4668-BE54-9A1E7A4F7556}") = "State", "State\State.csproj", "{4BBFD077-C1C5-403A-ABBD-3A03E6F3D45E}"
EndProject
Project("{FAE04EC0-301F-11D3-BF4B-00C04F79EFBC}") = "Flyweight", "Flyweight\Flyweight.csproj", "{1AC83115-F007-400A-B57A-9081FA2F5095}"
EndProject
Project("{FAE04EC0-301F-11D3-BF4B-00C04F79EFBC}") = "Proxy", "Proxy\Proxy.csproj", "{CFCA08B2-F4A1-479A-80F0-C3EB1420470A}"
EndProject
Project("{FAE04EC0-301F-11D3-BF4B-00C04F79EFBC}") = "Command", "Command\Command.csproj", "{97B58463-339E-46A6-B507-ED76492A2254}"
EndProject
Project("{FAE04EC0-301F-11D3-BF4B-00C04F79EFBC}") = "Mediator", "Mediator\Mediator.csproj", "{A091BCB7-E6F5-439E-9B3E-5DA228A3E117}"
EndProject
Project("{FAE04EC0-301F-11D3-BF4B-00C04F79EFBC}") = "Interpriter", "Interpriter\Interpriter.csproj", "{F81D8783-99B1-43CF-BD5C-D42B80BB0F2D}"
EndProject
Global
	GlobalSection(SolutionConfigurationPlatforms) = preSolution
		Debug|Any CPU = Debug|Any CPU
		Release|Any CPU = Release|Any CPU
	EndGlobalSection
	GlobalSection(ProjectConfigurationPlatforms) = postSolution
		{6567DF90-8FA8-4BF0-B747-27C7D6A9605E}.Debug|Any CPU.ActiveCfg = Debug|Any CPU
		{6567DF90-8FA8-4BF0-B747-27C7D6A9605E}.Debug|Any CPU.Build.0 = Debug|Any CPU
		{6567DF90-8FA8-4BF0-B747-27C7D6A9605E}.Release|Any CPU.ActiveCfg = Release|Any CPU
		{6567DF90-8FA8-4BF0-B747-27C7D6A9605E}.Release|Any CPU.Build.0 = Release|Any CPU
		{F93DF4B0-9CE6-4A20-9CB2-1C3A8EFEEBB4}.Debug|Any CPU.ActiveCfg = Debug|Any CPU
		{F93DF4B0-9CE6-4A20-9CB2-1C3A8EFEEBB4}.Debug|Any CPU.Build.0 = Debug|Any CPU
		{F93DF4B0-9CE6-4A20-9CB2-1C3A8EFEEBB4}.Release|Any CPU.ActiveCfg = Release|Any CPU
		{F93DF4B0-9CE6-4A20-9CB2-1C3A8EFEEBB4}.Release|Any CPU.Build.0 = Release|Any CPU
		{E0D860B1-EDCF-4BC3-896C-B5FF45112715}.Debug|Any CPU.ActiveCfg = Debug|Any CPU
		{E0D860B1-EDCF-4BC3-896C-B5FF45112715}.Debug|Any CPU.Build.0 = Debug|Any CPU
		{E0D860B1-EDCF-4BC3-896C-B5FF45112715}.Release|Any CPU.ActiveCfg = Release|Any CPU
		{E0D860B1-EDCF-4BC3-896C-B5FF45112715}.Release|Any CPU.Build.0 = Release|Any CPU
		{023FEE4F-8417-4998-93C3-11AE5C215360}.Debug|Any CPU.ActiveCfg = Debug|Any CPU
		{023FEE4F-8417-4998-93C3-11AE5C215360}.Debug|Any CPU.Build.0 = Debug|Any CPU
		{023FEE4F-8417-4998-93C3-11AE5C215360}.Release|Any CPU.ActiveCfg = Release|Any CPU
		{023FEE4F-8417-4998-93C3-11AE5C215360}.Release|Any CPU.Build.0 = Release|Any CPU
		{D11F60E1-AF1D-4867-93D3-BE1AF7A8C883}.Debug|Any CPU.ActiveCfg = Debug|Any CPU
		{D11F60E1-AF1D-4867-93D3-BE1AF7A8C883}.Debug|Any CPU.Build.0 = Debug|Any CPU
		{D11F60E1-AF1D-4867-93D3-BE1AF7A8C883}.Release|Any CPU.ActiveCfg = Release|Any CPU
		{D11F60E1-AF1D-4867-93D3-BE1AF7A8C883}.Release|Any CPU.Build.0 = Release|Any CPU
		{6FBB0437-6F0A-4EFA-B598-A2EA68F0AE1D}.Debug|Any CPU.ActiveCfg = Debug|Any CPU
		{6FBB0437-6F0A-4EFA-B598-A2EA68F0AE1D}.Debug|Any CPU.Build.0 = Debug|Any CPU
		{6FBB0437-6F0A-4EFA-B598-A2EA68F0AE1D}.Release|Any CPU.ActiveCfg = Release|Any CPU
		{6FBB0437-6F0A-4EFA-B598-A2EA68F0AE1D}.Release|Any CPU.Build.0 = Release|Any CPU
		{68FF1886-2CA9-4FB0-943A-5600F86A394E}.Debug|Any CPU.ActiveCfg = Debug|Any CPU
		{68FF1886-2CA9-4FB0-943A-5600F86A394E}.Debug|Any CPU.Build.0 = Debug|Any CPU
		{68FF1886-2CA9-4FB0-943A-5600F86A394E}.Release|Any CPU.ActiveCfg = Release|Any CPU
		{68FF1886-2CA9-4FB0-943A-5600F86A394E}.Release|Any CPU.Build.0 = Release|Any CPU
		{C1F845E7-91D5-4D6A-B55D-C9C697E2CF62}.Debug|Any CPU.ActiveCfg = Debug|Any CPU
		{C1F845E7-91D5-4D6A-B55D-C9C697E2CF62}.Debug|Any CPU.Build.0 = Debug|Any CPU
		{C1F845E7-91D5-4D6A-B55D-C9C697E2CF62}.Release|Any CPU.ActiveCfg = Release|Any CPU
		{C1F845E7-91D5-4D6A-B55D-C9C697E2CF62}.Release|Any CPU.Build.0 = Release|Any CPU
		{0C6C4857-9B99-4C76-9118-B4B82FD057BC}.Debug|Any CPU.ActiveCfg = Debug|Any CPU
		{0C6C4857-9B99-4C76-9118-B4B82FD057BC}.Debug|Any CPU.Build.0 = Debug|Any CPU
		{0C6C4857-9B99-4C76-9118-B4B82FD057BC}.Release|Any CPU.ActiveCfg = Release|Any CPU
		{0C6C4857-9B99-4C76-9118-B4B82FD057BC}.Release|Any CPU.Build.0 = Release|Any CPU
		{1AC4BDD5-8A2F-4218-A484-08889EACDB9A}.Debug|Any CPU.ActiveCfg = Debug|Any CPU
		{1AC4BDD5-8A2F-4218-A484-08889EACDB9A}.Debug|Any CPU.Build.0 = Debug|Any CPU
		{1AC4BDD5-8A2F-4218-A484-08889EACDB9A}.Release|Any CPU.ActiveCfg = Release|Any CPU
		{1AC4BDD5-8A2F-4218-A484-08889EACDB9A}.Release|Any CPU.Build.0 = Release|Any CPU
		{2367607F-2D4E-47EB-8C86-B715B482ED95}.Debug|Any CPU.ActiveCfg = Debug|Any CPU
		{2367607F-2D4E-47EB-8C86-B715B482ED95}.Debug|Any CPU.Build.0 = Debug|Any CPU
		{2367607F-2D4E-47EB-8C86-B715B482ED95}.Release|Any CPU.ActiveCfg = Release|Any CPU
		{2367607F-2D4E-47EB-8C86-B715B482ED95}.Release|Any CPU.Build.0 = Release|Any CPU
		{1BF37E5F-4930-40BA-9881-0E0373442317}.Debug|Any CPU.ActiveCfg = Debug|Any CPU
		{1BF37E5F-4930-40BA-9881-0E0373442317}.Debug|Any CPU.Build.0 = Debug|Any CPU
		{1BF37E5F-4930-40BA-9881-0E0373442317}.Release|Any CPU.ActiveCfg = Release|Any CPU
		{1BF37E5F-4930-40BA-9881-0E0373442317}.Release|Any CPU.Build.0 = Release|Any CPU
		{5D36DF58-D8E0-4B5F-BF32-100BFEC7A683}.Debug|Any CPU.ActiveCfg = Debug|Any CPU
		{5D36DF58-D8E0-4B5F-BF32-100BFEC7A683}.Debug|Any CPU.Build.0 = Debug|Any CPU
		{5D36DF58-D8E0-4B5F-BF32-100BFEC7A683}.Release|Any CPU.ActiveCfg = Release|Any CPU
		{5D36DF58-D8E0-4B5F-BF32-100BFEC7A683}.Release|Any CPU.Build.0 = Release|Any CPU
		{EA546F1B-31CE-439A-BA81-2A36E8F902BB}.Debug|Any CPU.ActiveCfg = Debug|Any CPU
		{EA546F1B-31CE-439A-BA81-2A36E8F902BB}.Debug|Any CPU.Build.0 = Debug|Any CPU
		{EA546F1B-31CE-439A-BA81-2A36E8F902BB}.Release|Any CPU.ActiveCfg = Release|Any CPU
		{EA546F1B-31CE-439A-BA81-2A36E8F902BB}.Release|Any CPU.Build.0 = Release|Any CPU
		{2C9C9346-ECDC-48B1-BD05-CE9C21AA6C12}.Debug|Any CPU.ActiveCfg = Debug|Any CPU
		{2C9C9346-ECDC-48B1-BD05-CE9C21AA6C12}.Debug|Any CPU.Build.0 = Debug|Any CPU
		{2C9C9346-ECDC-48B1-BD05-CE9C21AA6C12}.Release|Any CPU.ActiveCfg = Release|Any CPU
		{2C9C9346-ECDC-48B1-BD05-CE9C21AA6C12}.Release|Any CPU.Build.0 = Release|Any CPU
		{73911FBA-BAE4-418E-9218-C94FDC2E061E}.Debug|Any CPU.ActiveCfg = Debug|Any CPU
		{73911FBA-BAE4-418E-9218-C94FDC2E061E}.Debug|Any CPU.Build.0 = Debug|Any CPU
		{73911FBA-BAE4-418E-9218-C94FDC2E061E}.Release|Any CPU.ActiveCfg = Release|Any CPU
		{73911FBA-BAE4-418E-9218-C94FDC2E061E}.Release|Any CPU.Build.0 = Release|Any CPU
		{5FE7E1B8-330B-4230-AB45-3B98A0E84032}.Debug|Any CPU.ActiveCfg = Debug|Any CPU
		{5FE7E1B8-330B-4230-AB45-3B98A0E84032}.Debug|Any CPU.Build.0 = Debug|Any CPU
		{5FE7E1B8-330B-4230-AB45-3B98A0E84032}.Release|Any CPU.ActiveCfg = Release|Any CPU
		{5FE7E1B8-330B-4230-AB45-3B98A0E84032}.Release|Any CPU.Build.0 = Release|Any CPU
		{4BBFD077-C1C5-403A-ABBD-3A03E6F3D45E}.Debug|Any CPU.ActiveCfg = Debug|Any CPU
		{4BBFD077-C1C5-403A-ABBD-3A03E6F3D45E}.Debug|Any CPU.Build.0 = Debug|Any CPU
		{4BBFD077-C1C5-403A-ABBD-3A03E6F3D45E}.Release|Any CPU.ActiveCfg = Release|Any CPU
		{4BBFD077-C1C5-403A-ABBD-3A03E6F3D45E}.Release|Any CPU.Build.0 = Release|Any CPU
		{1AC83115-F007-400A-B57A-9081FA2F5095}.Debug|Any CPU.ActiveCfg = Debug|Any CPU
		{1AC83115-F007-400A-B57A-9081FA2F5095}.Debug|Any CPU.Build.0 = Debug|Any CPU
		{1AC83115-F007-400A-B57A-9081FA2F5095}.Release|Any CPU.ActiveCfg = Release|Any CPU
		{1AC83115-F007-400A-B57A-9081FA2F5095}.Release|Any CPU.Build.0 = Release|Any CPU
		{CFCA08B2-F4A1-479A-80F0-C3EB1420470A}.Debug|Any CPU.ActiveCfg = Debug|Any CPU
		{CFCA08B2-F4A1-479A-80F0-C3EB1420470A}.Debug|Any CPU.Build.0 = Debug|Any CPU
		{CFCA08B2-F4A1-479A-80F0-C3EB1420470A}.Release|Any CPU.ActiveCfg = Release|Any CPU
		{CFCA08B2-F4A1-479A-80F0-C3EB1420470A}.Release|Any CPU.Build.0 = Release|Any CPU
		{97B58463-339E-46A6-B507-ED76492A2254}.Debug|Any CPU.ActiveCfg = Debug|Any CPU
		{97B58463-339E-46A6-B507-ED76492A2254}.Debug|Any CPU.Build.0 = Debug|Any CPU
		{97B58463-339E-46A6-B507-ED76492A2254}.Release|Any CPU.ActiveCfg = Release|Any CPU
		{97B58463-339E-46A6-B507-ED76492A2254}.Release|Any CPU.Build.0 = Release|Any CPU
		{A091BCB7-E6F5-439E-9B3E-5DA228A3E117}.Debug|Any CPU.ActiveCfg = Debug|Any CPU
		{A091BCB7-E6F5-439E-9B3E-5DA228A3E117}.Debug|Any CPU.Build.0 = Debug|Any CPU
		{A091BCB7-E6F5-439E-9B3E-5DA228A3E117}.Release|Any CPU.ActiveCfg = Release|Any CPU
		{A091BCB7-E6F5-439E-9B3E-5DA228A3E117}.Release|Any CPU.Build.0 = Release|Any CPU
		{F81D8783-99B1-43CF-BD5C-D42B80BB0F2D}.Debug|Any CPU.ActiveCfg = Debug|Any CPU
		{F81D8783-99B1-43CF-BD5C-D42B80BB0F2D}.Debug|Any CPU.Build.0 = Debug|Any CPU
		{F81D8783-99B1-43CF-BD5C-D42B80BB0F2D}.Release|Any CPU.ActiveCfg = Release|Any CPU
		{F81D8783-99B1-43CF-BD5C-D42B80BB0F2D}.Release|Any CPU.Build.0 = Release|Any CPU
	EndGlobalSection
	GlobalSection(SolutionProperties) = preSolution
		HideSolutionNode = FALSE
	EndGlobalSection
	GlobalSection(ExtensibilityGlobals) = postSolution
		SolutionGuid = {289A5065-903B-4E6E-B0A2-8654DD233F87}
	EndGlobalSection
EndGlobal
