
Microsoft Visual Studio Solution File, Format Version 12.00
# Visual Studio Version 16
VisualStudioVersion = 16.0.30330.147
MinimumVisualStudioVersion = 10.0.40219.1
Project("{9A19103F-16F7-4668-BE54-9A1E7A4F7556}") = "designPatTest", "designPatTest\designPatTest.csproj", "{6567DF90-8FA8-4BF0-B747-27C7D6A9605E}"
EndProject
Project("{9A19103F-16F7-4668-BE54-9A1E7A4F7556}") = "Iterator", "Iterator\Iterator.csproj", "{F93DF4B0-9CE6-4A20-9CB2-1C3A8EFEEBB4}"
EndProject
Project("{9A19103F-16F7-4668-BE54-9A1E7A4F7556}") = "Adapter", "Adapter1\Adapter.csproj", "{E0D860B1-EDCF-4BC3-896C-B5FF45112715}"
EndProject
Project("{9A19103F-16F7-4668-BE54-9A1E7A4F7556}") = "TemplateMethod", "TemplateMethod\TemplateMethod.csproj", "{023FEE4F-8417-4998-93C3-11AE5C215360}"
EndProject
Project("{FAE04EC0-301F-11D3-BF4B-00C04F79EFBC}") = "FactoryMethod", "FactoryMethod\FactoryMethod.csproj", "{D11F60E1-AF1D-4867-93D3-BE1AF7A8C883}"
EndProject
Global
	GlobalSection(SolutionConfigurationPlatforms) = preSolution
		Debug|Any CPU = Debug|Any CPU
		Release|Any CPU = Release|Any CPU
	EndGlobalSection
	GlobalSection(ProjectConfigurationPlatforms) = postSolution
		{6567DF90-8FA8-4BF0-B747-27C7D6A9605E}.Debug|Any CPU.ActiveCfg = Debug|Any CPU
		{6567DF90-8FA8-4BF0-B747-27C7D6A9605E}.Debug|Any CPU.Build.0 = Debug|Any CPU
		{6567DF90-8FA8-4BF0-B747-27C7D6A9605E}.Release|Any CPU.ActiveCfg = Release|Any CPU
		{6567DF90-8FA8-4BF0-B747-27C7D6A9605E}.Release|Any CPU.Build.0 = Release|Any CPU
		{F93DF4B0-9CE6-4A20-9CB2-1C3A8EFEEBB4}.Debug|Any CPU.ActiveCfg = Debug|Any CPU
		{F93DF4B0-9CE6-4A20-9CB2-1C3A8EFEEBB4}.Debug|Any CPU.Build.0 = Debug|Any CPU
		{F93DF4B0-9CE6-4A20-9CB2-1C3A8EFEEBB4}.Release|Any CPU.ActiveCfg = Release|Any CPU
		{F93DF4B0-9CE6-4A20-9CB2-1C3A8EFEEBB4}.Release|Any CPU.Build.0 = Release|Any CPU
		{E0D860B1-EDCF-4BC3-896C-B5FF45112715}.Debug|Any CPU.ActiveCfg = Debug|Any CPU
		{E0D860B1-EDCF-4BC3-896C-B5FF45112715}.Debug|Any CPU.Build.0 = Debug|Any CPU
		{E0D860B1-EDCF-4BC3-896C-B5FF45112715}.Release|Any CPU.ActiveCfg = Release|Any CPU
		{E0D860B1-EDCF-4BC3-896C-B5FF45112715}.Release|Any CPU.Build.0 = Release|Any CPU
		{023FEE4F-8417-4998-93C3-11AE5C215360}.Debug|Any CPU.ActiveCfg = Debug|Any CPU
		{023FEE4F-8417-4998-93C3-11AE5C215360}.Debug|Any CPU.Build.0 = Debug|Any CPU
		{023FEE4F-8417-4998-93C3-11AE5C215360}.Release|Any CPU.ActiveCfg = Release|Any CPU
		{023FEE4F-8417-4998-93C3-11AE5C215360}.Release|Any CPU.Build.0 = Release|Any CPU
		{D11F60E1-AF1D-4867-93D3-BE1AF7A8C883}.Debug|Any CPU.ActiveCfg = Debug|Any CPU
		{D11F60E1-AF1D-4867-93D3-BE1AF7A8C883}.Debug|Any CPU.Build.0 = Debug|Any CPU
		{D11F60E1-AF1D-4867-93D3-BE1AF7A8C883}.Release|Any CPU.ActiveCfg = Release|Any CPU
		{D11F60E1-AF1D-4867-93D3-BE1AF7A8C883}.Release|Any CPU.Build.0 = Release|Any CPU
	EndGlobalSection
	GlobalSection(SolutionProperties) = preSolution
		HideSolutionNode = FALSE
	EndGlobalSection
	GlobalSection(ExtensibilityGlobals) = postSolution
		SolutionGuid = {289A5065-903B-4E6E-B0A2-8654DD233F87}
	EndGlobalSection
EndGlobal
